PODS:
  - TEduBoard_iOS (2.3.0)
  - TXIMSDK_iOS (4.4.627)
  - TXLiteAVSDK_TRTC (6.5.7272)

DEPENDENCIES:
  - TEduBoard_iOS (~> 2.3.0)
  - TXIMSDK_iOS (~> 4.4.627)
  - TXLiteAVSDK_TRTC (~> 6.5.7272)

SPEC REPOS:
  https://github.com/cocoapods/specs.git:
    - TEduBoard_iOS
    - TXIMSDK_iOS
    - TXLiteAVSDK_TRTC

SPEC CHECKSUMS:
  TEduBoard_iOS: e247f0b26965e517229e496f55c34e5c56080ead
  TXIMSDK_iOS: 6641a71d741a1a1fb31b69419b2431d9aecdf12e
  TXLiteAVSDK_TRTC: 55afb59218602117c9b5129270151afbc7826bb0

PODFILE CHECKSUM: 5f910056b6f0924926d484ccbfd32fab598ca561

COCOAPODS: 1.7.4
