PODS:
  - TEduBoard_Mac (2.3.0)
  - TXIMSDK_Mac (4.4.716)
  - TXLiteAVSDK_TRTC_Mac (6.5.7272)

DEPENDENCIES:
  - TEduBoard_Mac (~> 2.3.0)
  - TXIMSDK_Mac (~> 4.4.627)
  - TXLiteAVSDK_TRTC_Mac (~> 6.5.7272)

SPEC REPOS:
  https://github.com/cocoapods/specs.git:
    - TEduBoard_Mac
    - TXIMSDK_Mac
    - TXLiteAVSDK_TRTC_Mac

SPEC CHECKSUMS:
  TEduBoard_Mac: 13eca01c47af02a6a4c789252ced7c4ffb082d67
  TXIMSDK_Mac: 67f40899c44ecf1cbce5e571c3726624a431fbd5
  TXLiteAVSDK_TRTC_Mac: 455cdfbbb1637f02ff76bd98fcff3f14251ba593

PODFILE CHECKSUM: 7acdbd59359fea2158e69b32b667615549a9f579

COCOAPODS: 1.7.4
